{
  "name": "fitness",
<<<<<<< HEAD
  "lockfileVersion": 2,
=======
  "lockfileVersion": 3,
>>>>>>> 8ca1732 (修改了手机端效果)
  "requires": true,
  "packages": {
    "": {
      "dependencies": {
        "hono": "^4.8.5"
      }
    },
    "node_modules/hono": {
      "version": "4.8.5",
      "resolved": "https://registry.npmjs.org/hono/-/hono-4.8.5.tgz",
      "integrity": "sha512-Up2cQbtNz1s111qpnnECdTGqSIUIhZJMLikdKkshebQSEBcoUKq6XJayLGqSZWidiH0zfHRCJqFu062Mz5UuRA==",
      "engines": {
        "node": ">=16.9.0"
      }
    }
<<<<<<< HEAD
  },
  "dependencies": {
    "hono": {
      "version": "4.8.5",
      "resolved": "https://registry.npmjs.org/hono/-/hono-4.8.5.tgz",
      "integrity": "sha512-Up2cQbtNz1s111qpnnECdTGqSIUIhZJMLikdKkshebQSEBcoUKq6XJayLGqSZWidiH0zfHRCJqFu062Mz5UuRA=="
    }
=======
>>>>>>> 8ca1732 (修改了手机端效果)
  }
}
